
Microsoft Visual Studio Solution File, Format Version 12.00
# Visual Studio 15
Project("{FAE04EC0-301F-11D3-BF4B-00C04F79EFBC}") = "ISAM5430.FA19.HW06", "ISAM5430.FA19.HW06\ISAM5430.FA19.HW06.csproj", "{4A40E7BD-3B5F-47F9-A955-DF09DE79136A}"
EndProject
Project("{FAE04EC0-301F-11D3-BF4B-00C04F79EFBC}") = "ISAM5430.FA19.HW06.Tests", "ISAM5430.FA19.HW06.Tests\ISAM5430.FA19.HW06.Tests.csproj", "{06D1DEE3-904C-49E8-8F53-D908A08AC7AA}"
EndProject
Global
	GlobalSection(SolutionConfigurationPlatforms) = preSolution
		Debug|Any CPU = Debug|Any CPU
		Release|Any CPU = Release|Any CPU
	EndGlobalSection
	GlobalSection(ProjectConfigurationPlatforms) = postSolution
		{4A40E7BD-3B5F-47F9-A955-DF09DE79136A}.Debug|Any CPU.ActiveCfg = Debug|Any CPU
		{4A40E7BD-3B5F-47F9-A955-DF09DE79136A}.Debug|Any CPU.Build.0 = Debug|Any CPU
		{4A40E7BD-3B5F-47F9-A955-DF09DE79136A}.Release|Any CPU.ActiveCfg = Release|Any CPU
		{4A40E7BD-3B5F-47F9-A955-DF09DE79136A}.Release|Any CPU.Build.0 = Release|Any CPU
		{06D1DEE3-904C-49E8-8F53-D908A08AC7AA}.Debug|Any CPU.ActiveCfg = Debug|Any CPU
		{06D1DEE3-904C-49E8-8F53-D908A08AC7AA}.Debug|Any CPU.Build.0 = Debug|Any CPU
		{06D1DEE3-904C-49E8-8F53-D908A08AC7AA}.Release|Any CPU.ActiveCfg = Release|Any CPU
		{06D1DEE3-904C-49E8-8F53-D908A08AC7AA}.Release|Any CPU.Build.0 = Release|Any CPU
	EndGlobalSection
EndGlobal
